// !$*UTF8*$!
{
	archiveVersion = 1;
	classes = {
	};
	objectVersion = 46;
	objects = {

/* Begin PBXBuildFile section */
		4D941A57BD41495B1E6212B4 /* libPods.a in Frameworks */ = {isa = PBXBuildFile; fileRef = C1AF7505D443F75EA407C004 /* libPods.a */; };
		CC12A5F61C9DBACD0041C3FA /* MGTopicCell.m in Sources */ = {isa = PBXBuildFile; fileRef = CC12A5F41C9DBACD0041C3FA /* MGTopicCell.m */; };
		CC12A5F71C9DBACD0041C3FA /* MGTopicCell.xib in Resources */ = {isa = PBXBuildFile; fileRef = CC12A5F51C9DBACD0041C3FA /* MGTopicCell.xib */; };
		CC2832E91C8FEC3600492B13 /* MGEssenceViewController.m in Sources */ = {isa = PBXBuildFile; fileRef = CC2832C41C8FEC3600492B13 /* MGEssenceViewController.m */; };
		CC2832EA1C8FEC3600492B13 /* MGFriendTrendsViewController.m in Sources */ = {isa = PBXBuildFile; fileRef = CC2832CA1C8FEC3600492B13 /* MGFriendTrendsViewController.m */; };
		CC2832EB1C8FEC3600492B13 /* MGMeViewController.m in Sources */ = {isa = PBXBuildFile; fileRef = CC2832D01C8FEC3600492B13 /* MGMeViewController.m */; };
		CC2832EC1C8FEC3600492B13 /* MGNewViewController.m in Sources */ = {isa = PBXBuildFile; fileRef = CC2832D61C8FEC3600492B13 /* MGNewViewController.m */; };
		CC2832ED1C8FEC3600492B13 /* AppDelegate.m in Sources */ = {isa = PBXBuildFile; fileRef = CC2832DB1C8FEC3600492B13 /* AppDelegate.m */; };
		CC2832EE1C8FEC3600492B13 /* UIBarButtonItem+MGExtension.m in Sources */ = {isa = PBXBuildFile; fileRef = CC2832DE1C8FEC3600492B13 /* UIBarButtonItem+MGExtension.m */; };
		CC2832EF1C8FEC3600492B13 /* UIView+MGExtension.m in Sources */ = {isa = PBXBuildFile; fileRef = CC2832E01C8FEC3600492B13 /* UIView+MGExtension.m */; };
		CC2832F01C8FEC3600492B13 /* MGTabBarController.m in Sources */ = {isa = PBXBuildFile; fileRef = CC2832E31C8FEC3600492B13 /* MGTabBarController.m */; };
		CC2832F11C8FEC3600492B13 /* main.m in Sources */ = {isa = PBXBuildFile; fileRef = CC2832E41C8FEC3600492B13 /* main.m */; };
		CC2832F21C8FEC3600492B13 /* MGTabBar.m in Sources */ = {isa = PBXBuildFile; fileRef = CC2832E81C8FEC3600492B13 /* MGTabBar.m */; };
		CC2832F51C8FFAA800492B13 /* MGNavigationController.m in Sources */ = {isa = PBXBuildFile; fileRef = CC2832F41C8FFAA800492B13 /* MGNavigationController.m */; };
		CC2832FA1C901EA800492B13 /* MGFriendTrendsViewController.xib in Resources */ = {isa = PBXBuildFile; fileRef = CC2832F91C901EA800492B13 /* MGFriendTrendsViewController.xib */; };
		CC2832FE1C906A5400492B13 /* MGRecommendViewController.m in Sources */ = {isa = PBXBuildFile; fileRef = CC2832FC1C906A5400492B13 /* MGRecommendViewController.m */; };
		CC2832FF1C906A5400492B13 /* MGRecommendViewController.xib in Resources */ = {isa = PBXBuildFile; fileRef = CC2832FD1C906A5400492B13 /* MGRecommendViewController.xib */; };
		CC2833011C906F0E00492B13 /* Foundation+Log.m in Sources */ = {isa = PBXBuildFile; fileRef = CC2833001C906F0E00492B13 /* Foundation+Log.m */; };
		CC2833041C90757E00492B13 /* MGRecommendCategory.m in Sources */ = {isa = PBXBuildFile; fileRef = CC2833031C90757E00492B13 /* MGRecommendCategory.m */; };
		CC3D029E1C916EBF0038EAFD /* MGRecommendUserCell.m in Sources */ = {isa = PBXBuildFile; fileRef = CC3D029C1C916EBF0038EAFD /* MGRecommendUserCell.m */; };
		CC3D029F1C916EBF0038EAFD /* MGRecommendUserCell.xib in Resources */ = {isa = PBXBuildFile; fileRef = CC3D029D1C916EBF0038EAFD /* MGRecommendUserCell.xib */; };
		CC3D02A21C9172AF0038EAFD /* MGRecommendUser.m in Sources */ = {isa = PBXBuildFile; fileRef = CC3D02A11C9172AF0038EAFD /* MGRecommendUser.m */; };
		CC3D02A51C920BBB0038EAFD /* MGRecommendTagsViewController.m in Sources */ = {isa = PBXBuildFile; fileRef = CC3D02A41C920BBB0038EAFD /* MGRecommendTagsViewController.m */; };
		CC3D02A81C920E920038EAFD /* MGRecommendTag.m in Sources */ = {isa = PBXBuildFile; fileRef = CC3D02A71C920E920038EAFD /* MGRecommendTag.m */; };
		CC3D02AC1C9211940038EAFD /* MGRecommendTagCell.m in Sources */ = {isa = PBXBuildFile; fileRef = CC3D02AA1C9211940038EAFD /* MGRecommendTagCell.m */; };
		CC3D02AD1C9211940038EAFD /* MGRecommendTagCell.xib in Resources */ = {isa = PBXBuildFile; fileRef = CC3D02AB1C9211940038EAFD /* MGRecommendTagCell.xib */; };
		CC3FB6101C9B106B00DB131B /* UIImage+MGExtension.m in Sources */ = {isa = PBXBuildFile; fileRef = CC3FB60F1C9B106B00DB131B /* UIImage+MGExtension.m */; };
		CC3FB6131C9B1EC700DB131B /* MGPushGuideView.m in Sources */ = {isa = PBXBuildFile; fileRef = CC3FB6121C9B1EC700DB131B /* MGPushGuideView.m */; };
		CC3FB6151C9B1F2F00DB131B /* MGPushGuideView.xib in Resources */ = {isa = PBXBuildFile; fileRef = CC3FB6141C9B1F2F00DB131B /* MGPushGuideView.xib */; };
		CC4122981C9C85160029B8F2 /* MGTopic.m in Sources */ = {isa = PBXBuildFile; fileRef = CC4122971C9C85160029B8F2 /* MGTopic.m */; };
		CC41229B1C9CA5710029B8F2 /* MGConst.m in Sources */ = {isa = PBXBuildFile; fileRef = CC41229A1C9CA5710029B8F2 /* MGConst.m */; };
		CC4C640D1CA87A8E006A0717 /* MGTopicVoiceView.m in Sources */ = {isa = PBXBuildFile; fileRef = CC4C640C1CA87A8E006A0717 /* MGTopicVoiceView.m */; };
		CC4C640F1CA87AA1006A0717 /* MGTopicVoiceView.xib in Resources */ = {isa = PBXBuildFile; fileRef = CC4C640E1CA87AA1006A0717 /* MGTopicVoiceView.xib */; };
		CC4C64121CA88C44006A0717 /* MGTopicVideoView.m in Sources */ = {isa = PBXBuildFile; fileRef = CC4C64111CA88C44006A0717 /* MGTopicVideoView.m */; };
		CC4C64141CA88C54006A0717 /* MGTopicVideoView.xib in Resources */ = {isa = PBXBuildFile; fileRef = CC4C64131CA88C54006A0717 /* MGTopicVideoView.xib */; };
		CC51B3EC1C9079D600C7B52B /* MGRecommendCategoryCell.m in Sources */ = {isa = PBXBuildFile; fileRef = CC51B3EA1C9079D600C7B52B /* MGRecommendCategoryCell.m */; };
		CC51B3ED1C9079D600C7B52B /* MGRecommendCategoryCell.xib in Resources */ = {isa = PBXBuildFile; fileRef = CC51B3EB1C9079D600C7B52B /* MGRecommendCategoryCell.xib */; };
		CC579BAD1C9EA49C00CE20ED /* NSDate+MGExtension.m in Sources */ = {isa = PBXBuildFile; fileRef = CC579BAC1C9EA49C00CE20ED /* NSDate+MGExtension.m */; };
		CC579BB01C9EE70700CE20ED /* MGTopicViewController.m in Sources */ = {isa = PBXBuildFile; fileRef = CC579BAF1C9EE70700CE20ED /* MGTopicViewController.m */; };
		CC579BB21CA0427100CE20ED /* Storyboard.storyboard in Resources */ = {isa = PBXBuildFile; fileRef = CC579BB11CA0427100CE20ED /* Storyboard.storyboard */; };
		CC62631C1CA4279F00DBB9C2 /* MGTopicPictureView.m in Sources */ = {isa = PBXBuildFile; fileRef = CC62631B1CA4279F00DBB9C2 /* MGTopicPictureView.m */; };
		CC62631E1CA427B200DBB9C2 /* MGTopicPictureView.xib in Resources */ = {isa = PBXBuildFile; fileRef = CC62631D1CA427B200DBB9C2 /* MGTopicPictureView.xib */; };
		CC6263211CA470BA00DBB9C2 /* MGProgressView.m in Sources */ = {isa = PBXBuildFile; fileRef = CC6263201CA470BA00DBB9C2 /* MGProgressView.m */; };
		CC6263251CA473EB00DBB9C2 /* MGShowPictureViewController.m in Sources */ = {isa = PBXBuildFile; fileRef = CC6263231CA473EB00DBB9C2 /* MGShowPictureViewController.m */; };
		CC6263261CA473EB00DBB9C2 /* MGShowPictureViewController.xib in Resources */ = {isa = PBXBuildFile; fileRef = CC6263241CA473EB00DBB9C2 /* MGShowPictureViewController.xib */; };
		CC62632A1CA49E7B00DBB9C2 /* MGPublishView.m in Sources */ = {isa = PBXBuildFile; fileRef = CC6263281CA49E7B00DBB9C2 /* MGPublishView.m */; };
		CC62632B1CA49E7B00DBB9C2 /* MGPublishView.xib in Resources */ = {isa = PBXBuildFile; fileRef = CC6263291CA49E7B00DBB9C2 /* MGPublishView.xib */; };
		CC64D1F81C8E87EC00C7A44D /* xm04______Tests.m in Sources */ = {isa = PBXBuildFile; fileRef = CC64D1F71C8E87EC00C7A44D /* xm04______Tests.m */; };
		CC67EB231C99AAA300B34942 /* MGLoginRegisterViewController.m in Sources */ = {isa = PBXBuildFile; fileRef = CC67EB211C99AAA300B34942 /* MGLoginRegisterViewController.m */; };
		CC67EB241C99AAA300B34942 /* MGLoginRegisterViewController.xib in Resources */ = {isa = PBXBuildFile; fileRef = CC67EB221C99AAA300B34942 /* MGLoginRegisterViewController.xib */; };
		CC67EB271C99BBF400B34942 /* MGVerticalButton.m in Sources */ = {isa = PBXBuildFile; fileRef = CC67EB261C99BBF400B34942 /* MGVerticalButton.m */; };
		CC67EB2A1C99D82100B34942 /* MGTextField.m in Sources */ = {isa = PBXBuildFile; fileRef = CC67EB291C99D82100B34942 /* MGTextField.m */; };
		CCAE3E3A1C8F19F5003FFD35 /* Images.xcassets in Resources */ = {isa = PBXBuildFile; fileRef = CCAE3E391C8F19F5003FFD35 /* Images.xcassets */; };
/* End PBXBuildFile section */

/* Begin PBXContainerItemProxy section */
		CC64D1F41C8E87EC00C7A44D /* PBXContainerItemProxy */ = {
			isa = PBXContainerItemProxy;
			containerPortal = CC64D1D21C8E87EB00C7A44D /* Project object */;
			proxyType = 1;
			remoteGlobalIDString = CC64D1D91C8E87EC00C7A44D;
			remoteInfo = "xm04-百思不得姐";
		};
/* End PBXContainerItemProxy section */

/* Begin PBXFileReference section */
		216FF1072D41BBEEE3FD2D14 /* Pods.release.xcconfig */ = {isa = PBXFileReference; includeInIndex = 1; lastKnownFileType = text.xcconfig; name = Pods.release.xcconfig; path = "Pods/Target Support Files/Pods/Pods.release.xcconfig"; sourceTree = "<group>"; };
		C1AF7505D443F75EA407C004 /* libPods.a */ = {isa = PBXFileReference; explicitFileType = archive.ar; includeInIndex = 0; path = libPods.a; sourceTree = BUILT_PRODUCTS_DIR; };
		CC12A5F31C9DBACD0041C3FA /* MGTopicCell.h */ = {isa = PBXFileReference; fileEncoding = 4; lastKnownFileType = sourcecode.c.h; path = MGTopicCell.h; sourceTree = "<group>"; };
		CC12A5F41C9DBACD0041C3FA /* MGTopicCell.m */ = {isa = PBXFileReference; fileEncoding = 4; lastKnownFileType = sourcecode.c.objc; path = MGTopicCell.m; sourceTree = "<group>"; };
		CC12A5F51C9DBACD0041C3FA /* MGTopicCell.xib */ = {isa = PBXFileReference; fileEncoding = 4; lastKnownFileType = file.xib; path = MGTopicCell.xib; sourceTree = "<group>"; };
		CC2832C31C8FEC3600492B13 /* MGEssenceViewController.h */ = {isa = PBXFileReference; fileEncoding = 4; lastKnownFileType = sourcecode.c.h; path = MGEssenceViewController.h; sourceTree = "<group>"; };
		CC2832C41C8FEC3600492B13 /* MGEssenceViewController.m */ = {isa = PBXFileReference; fileEncoding = 4; lastKnownFileType = sourcecode.c.objc; path = MGEssenceViewController.m; sourceTree = "<group>"; };
		CC2832C91C8FEC3600492B13 /* MGFriendTrendsViewController.h */ = {isa = PBXFileReference; fileEncoding = 4; lastKnownFileType = sourcecode.c.h; path = MGFriendTrendsViewController.h; sourceTree = "<group>"; };
		CC2832CA1C8FEC3600492B13 /* MGFriendTrendsViewController.m */ = {isa = PBXFileReference; fileEncoding = 4; lastKnownFileType = sourcecode.c.objc; path = MGFriendTrendsViewController.m; sourceTree = "<group>"; };
		CC2832CF1C8FEC3600492B13 /* MGMeViewController.h */ = {isa = PBXFileReference; fileEncoding = 4; lastKnownFileType = sourcecode.c.h; path = MGMeViewController.h; sourceTree = "<group>"; };
		CC2832D01C8FEC3600492B13 /* MGMeViewController.m */ = {isa = PBXFileReference; fileEncoding = 4; lastKnownFileType = sourcecode.c.objc; path = MGMeViewController.m; sourceTree = "<group>"; };
		CC2832D51C8FEC3600492B13 /* MGNewViewController.h */ = {isa = PBXFileReference; fileEncoding = 4; lastKnownFileType = sourcecode.c.h; path = MGNewViewController.h; sourceTree = "<group>"; };
		CC2832D61C8FEC3600492B13 /* MGNewViewController.m */ = {isa = PBXFileReference; fileEncoding = 4; lastKnownFileType = sourcecode.c.objc; path = MGNewViewController.m; sourceTree = "<group>"; };
		CC2832DA1C8FEC3600492B13 /* AppDelegate.h */ = {isa = PBXFileReference; fileEncoding = 4; lastKnownFileType = sourcecode.c.h; path = AppDelegate.h; sourceTree = "<group>"; };
		CC2832DB1C8FEC3600492B13 /* AppDelegate.m */ = {isa = PBXFileReference; fileEncoding = 4; lastKnownFileType = sourcecode.c.objc; path = AppDelegate.m; sourceTree = "<group>"; };
		CC2832DD1C8FEC3600492B13 /* UIBarButtonItem+MGExtension.h */ = {isa = PBXFileReference; fileEncoding = 4; lastKnownFileType = sourcecode.c.h; path = "UIBarButtonItem+MGExtension.h"; sourceTree = "<group>"; };
		CC2832DE1C8FEC3600492B13 /* UIBarButtonItem+MGExtension.m */ = {isa = PBXFileReference; fileEncoding = 4; lastKnownFileType = sourcecode.c.objc; path = "UIBarButtonItem+MGExtension.m"; sourceTree = "<group>"; };
		CC2832DF1C8FEC3600492B13 /* UIView+MGExtension.h */ = {isa = PBXFileReference; fileEncoding = 4; lastKnownFileType = sourcecode.c.h; path = "UIView+MGExtension.h"; sourceTree = "<group>"; };
		CC2832E01C8FEC3600492B13 /* UIView+MGExtension.m */ = {isa = PBXFileReference; fileEncoding = 4; lastKnownFileType = sourcecode.c.objc; path = "UIView+MGExtension.m"; sourceTree = "<group>"; };
		CC2832E21C8FEC3600492B13 /* MGTabBarController.h */ = {isa = PBXFileReference; fileEncoding = 4; lastKnownFileType = sourcecode.c.h; path = MGTabBarController.h; sourceTree = "<group>"; };
		CC2832E31C8FEC3600492B13 /* MGTabBarController.m */ = {isa = PBXFileReference; fileEncoding = 4; lastKnownFileType = sourcecode.c.objc; path = MGTabBarController.m; sourceTree = "<group>"; };
		CC2832E41C8FEC3600492B13 /* main.m */ = {isa = PBXFileReference; fileEncoding = 4; lastKnownFileType = sourcecode.c.objc; path = main.m; sourceTree = "<group>"; };
		CC2832E51C8FEC3600492B13 /* PrefixHeader.pch */ = {isa = PBXFileReference; fileEncoding = 4; lastKnownFileType = sourcecode.c.h; path = PrefixHeader.pch; sourceTree = "<group>"; };
		CC2832E71C8FEC3600492B13 /* MGTabBar.h */ = {isa = PBXFileReference; fileEncoding = 4; lastKnownFileType = sourcecode.c.h; path = MGTabBar.h; sourceTree = "<group>"; };
		CC2832E81C8FEC3600492B13 /* MGTabBar.m */ = {isa = PBXFileReference; fileEncoding = 4; lastKnownFileType = sourcecode.c.objc; path = MGTabBar.m; sourceTree = "<group>"; };
		CC2832F31C8FFAA800492B13 /* MGNavigationController.h */ = {isa = PBXFileReference; fileEncoding = 4; lastKnownFileType = sourcecode.c.h; path = MGNavigationController.h; sourceTree = "<group>"; };
		CC2832F41C8FFAA800492B13 /* MGNavigationController.m */ = {isa = PBXFileReference; fileEncoding = 4; lastKnownFileType = sourcecode.c.objc; path = MGNavigationController.m; sourceTree = "<group>"; };
		CC2832F91C901EA800492B13 /* MGFriendTrendsViewController.xib */ = {isa = PBXFileReference; fileEncoding = 4; lastKnownFileType = file.xib; path = MGFriendTrendsViewController.xib; sourceTree = "<group>"; };
		CC2832FB1C906A5400492B13 /* MGRecommendViewController.h */ = {isa = PBXFileReference; fileEncoding = 4; lastKnownFileType = sourcecode.c.h; path = MGRecommendViewController.h; sourceTree = "<group>"; };
		CC2832FC1C906A5400492B13 /* MGRecommendViewController.m */ = {isa = PBXFileReference; fileEncoding = 4; lastKnownFileType = sourcecode.c.objc; path = MGRecommendViewController.m; sourceTree = "<group>"; };
		CC2832FD1C906A5400492B13 /* MGRecommendViewController.xib */ = {isa = PBXFileReference; fileEncoding = 4; lastKnownFileType = file.xib; path = MGRecommendViewController.xib; sourceTree = "<group>"; };
		CC2833001C906F0E00492B13 /* Foundation+Log.m */ = {isa = PBXFileReference; fileEncoding = 4; lastKnownFileType = sourcecode.c.objc; path = "Foundation+Log.m"; sourceTree = "<group>"; };
		CC2833021C90757E00492B13 /* MGRecommendCategory.h */ = {isa = PBXFileReference; fileEncoding = 4; lastKnownFileType = sourcecode.c.h; path = MGRecommendCategory.h; sourceTree = "<group>"; };
		CC2833031C90757E00492B13 /* MGRecommendCategory.m */ = {isa = PBXFileReference; fileEncoding = 4; lastKnownFileType = sourcecode.c.objc; path = MGRecommendCategory.m; sourceTree = "<group>"; };
		CC3D029B1C916EBF0038EAFD /* MGRecommendUserCell.h */ = {isa = PBXFileReference; fileEncoding = 4; lastKnownFileType = sourcecode.c.h; path = MGRecommendUserCell.h; sourceTree = "<group>"; };
		CC3D029C1C916EBF0038EAFD /* MGRecommendUserCell.m */ = {isa = PBXFileReference; fileEncoding = 4; lastKnownFileType = sourcecode.c.objc; path = MGRecommendUserCell.m; sourceTree = "<group>"; };
		CC3D029D1C916EBF0038EAFD /* MGRecommendUserCell.xib */ = {isa = PBXFileReference; fileEncoding = 4; lastKnownFileType = file.xib; path = MGRecommendUserCell.xib; sourceTree = "<group>"; };
		CC3D02A01C9172AF0038EAFD /* MGRecommendUser.h */ = {isa = PBXFileReference; fileEncoding = 4; lastKnownFileType = sourcecode.c.h; path = MGRecommendUser.h; sourceTree = "<group>"; };
		CC3D02A11C9172AF0038EAFD /* MGRecommendUser.m */ = {isa = PBXFileReference; fileEncoding = 4; lastKnownFileType = sourcecode.c.objc; path = MGRecommendUser.m; sourceTree = "<group>"; };
		CC3D02A31C920BBB0038EAFD /* MGRecommendTagsViewController.h */ = {isa = PBXFileReference; fileEncoding = 4; lastKnownFileType = sourcecode.c.h; path = MGRecommendTagsViewController.h; sourceTree = "<group>"; };
		CC3D02A41C920BBB0038EAFD /* MGRecommendTagsViewController.m */ = {isa = PBXFileReference; fileEncoding = 4; lastKnownFileType = sourcecode.c.objc; path = MGRecommendTagsViewController.m; sourceTree = "<group>"; };
		CC3D02A61C920E920038EAFD /* MGRecommendTag.h */ = {isa = PBXFileReference; fileEncoding = 4; lastKnownFileType = sourcecode.c.h; path = MGRecommendTag.h; sourceTree = "<group>"; };
		CC3D02A71C920E920038EAFD /* MGRecommendTag.m */ = {isa = PBXFileReference; fileEncoding = 4; lastKnownFileType = sourcecode.c.objc; path = MGRecommendTag.m; sourceTree = "<group>"; };
		CC3D02A91C9211940038EAFD /* MGRecommendTagCell.h */ = {isa = PBXFileReference; fileEncoding = 4; lastKnownFileType = sourcecode.c.h; path = MGRecommendTagCell.h; sourceTree = "<group>"; };
		CC3D02AA1C9211940038EAFD /* MGRecommendTagCell.m */ = {isa = PBXFileReference; fileEncoding = 4; lastKnownFileType = sourcecode.c.objc; path = MGRecommendTagCell.m; sourceTree = "<group>"; };
		CC3D02AB1C9211940038EAFD /* MGRecommendTagCell.xib */ = {isa = PBXFileReference; fileEncoding = 4; lastKnownFileType = file.xib; path = MGRecommendTagCell.xib; sourceTree = "<group>"; };
		CC3FB60E1C9B106B00DB131B /* UIImage+MGExtension.h */ = {isa = PBXFileReference; fileEncoding = 4; lastKnownFileType = sourcecode.c.h; path = "UIImage+MGExtension.h"; sourceTree = "<group>"; };
		CC3FB60F1C9B106B00DB131B /* UIImage+MGExtension.m */ = {isa = PBXFileReference; fileEncoding = 4; lastKnownFileType = sourcecode.c.objc; path = "UIImage+MGExtension.m"; sourceTree = "<group>"; };
		CC3FB6111C9B1EC700DB131B /* MGPushGuideView.h */ = {isa = PBXFileReference; fileEncoding = 4; lastKnownFileType = sourcecode.c.h; path = MGPushGuideView.h; sourceTree = "<group>"; };
		CC3FB6121C9B1EC700DB131B /* MGPushGuideView.m */ = {isa = PBXFileReference; fileEncoding = 4; lastKnownFileType = sourcecode.c.objc; path = MGPushGuideView.m; sourceTree = "<group>"; };
		CC3FB6141C9B1F2F00DB131B /* MGPushGuideView.xib */ = {isa = PBXFileReference; fileEncoding = 4; lastKnownFileType = file.xib; path = MGPushGuideView.xib; sourceTree = "<group>"; };
		CC4122961C9C85160029B8F2 /* MGTopic.h */ = {isa = PBXFileReference; fileEncoding = 4; lastKnownFileType = sourcecode.c.h; path = MGTopic.h; sourceTree = "<group>"; };
		CC4122971C9C85160029B8F2 /* MGTopic.m */ = {isa = PBXFileReference; fileEncoding = 4; lastKnownFileType = sourcecode.c.objc; path = MGTopic.m; sourceTree = "<group>"; };
		CC4122991C9CA5710029B8F2 /* MGConst.h */ = {isa = PBXFileReference; fileEncoding = 4; lastKnownFileType = sourcecode.c.h; path = MGConst.h; sourceTree = "<group>"; };
		CC41229A1C9CA5710029B8F2 /* MGConst.m */ = {isa = PBXFileReference; fileEncoding = 4; lastKnownFileType = sourcecode.c.objc; path = MGConst.m; sourceTree = "<group>"; };
		CC4C640B1CA87A8E006A0717 /* MGTopicVoiceView.h */ = {isa = PBXFileReference; fileEncoding = 4; lastKnownFileType = sourcecode.c.h; path = MGTopicVoiceView.h; sourceTree = "<group>"; };
		CC4C640C1CA87A8E006A0717 /* MGTopicVoiceView.m */ = {isa = PBXFileReference; fileEncoding = 4; lastKnownFileType = sourcecode.c.objc; path = MGTopicVoiceView.m; sourceTree = "<group>"; };
		CC4C640E1CA87AA1006A0717 /* MGTopicVoiceView.xib */ = {isa = PBXFileReference; fileEncoding = 4; lastKnownFileType = file.xib; path = MGTopicVoiceView.xib; sourceTree = "<group>"; };
		CC4C64101CA88C44006A0717 /* MGTopicVideoView.h */ = {isa = PBXFileReference; fileEncoding = 4; lastKnownFileType = sourcecode.c.h; path = MGTopicVideoView.h; sourceTree = "<group>"; };
		CC4C64111CA88C44006A0717 /* MGTopicVideoView.m */ = {isa = PBXFileReference; fileEncoding = 4; lastKnownFileType = sourcecode.c.objc; path = MGTopicVideoView.m; sourceTree = "<group>"; };
		CC4C64131CA88C54006A0717 /* MGTopicVideoView.xib */ = {isa = PBXFileReference; fileEncoding = 4; lastKnownFileType = file.xib; path = MGTopicVideoView.xib; sourceTree = "<group>"; };
		CC51B3E91C9079D600C7B52B /* MGRecommendCategoryCell.h */ = {isa = PBXFileReference; fileEncoding = 4; lastKnownFileType = sourcecode.c.h; path = MGRecommendCategoryCell.h; sourceTree = "<group>"; };
		CC51B3EA1C9079D600C7B52B /* MGRecommendCategoryCell.m */ = {isa = PBXFileReference; fileEncoding = 4; lastKnownFileType = sourcecode.c.objc; path = MGRecommendCategoryCell.m; sourceTree = "<group>"; };
		CC51B3EB1C9079D600C7B52B /* MGRecommendCategoryCell.xib */ = {isa = PBXFileReference; fileEncoding = 4; lastKnownFileType = file.xib; path = MGRecommendCategoryCell.xib; sourceTree = "<group>"; };
		CC579BAB1C9EA49C00CE20ED /* NSDate+MGExtension.h */ = {isa = PBXFileReference; fileEncoding = 4; lastKnownFileType = sourcecode.c.h; path = "NSDate+MGExtension.h"; sourceTree = "<group>"; };
		CC579BAC1C9EA49C00CE20ED /* NSDate+MGExtension.m */ = {isa = PBXFileReference; fileEncoding = 4; lastKnownFileType = sourcecode.c.objc; path = "NSDate+MGExtension.m"; sourceTree = "<group>"; };
		CC579BAE1C9EE70700CE20ED /* MGTopicViewController.h */ = {isa = PBXFileReference; fileEncoding = 4; lastKnownFileType = sourcecode.c.h; path = MGTopicViewController.h; sourceTree = "<group>"; };
		CC579BAF1C9EE70700CE20ED /* MGTopicViewController.m */ = {isa = PBXFileReference; fileEncoding = 4; lastKnownFileType = sourcecode.c.objc; path = MGTopicViewController.m; sourceTree = "<group>"; };
		CC579BB11CA0427100CE20ED /* Storyboard.storyboard */ = {isa = PBXFileReference; fileEncoding = 4; lastKnownFileType = file.storyboard; path = Storyboard.storyboard; sourceTree = "<group>"; };
		CC62631A1CA4279F00DBB9C2 /* MGTopicPictureView.h */ = {isa = PBXFileReference; fileEncoding = 4; lastKnownFileType = sourcecode.c.h; path = MGTopicPictureView.h; sourceTree = "<group>"; };
		CC62631B1CA4279F00DBB9C2 /* MGTopicPictureView.m */ = {isa = PBXFileReference; fileEncoding = 4; lastKnownFileType = sourcecode.c.objc; path = MGTopicPictureView.m; sourceTree = "<group>"; };
		CC62631D1CA427B200DBB9C2 /* MGTopicPictureView.xib */ = {isa = PBXFileReference; fileEncoding = 4; lastKnownFileType = file.xib; path = MGTopicPictureView.xib; sourceTree = "<group>"; };
		CC62631F1CA470BA00DBB9C2 /* MGProgressView.h */ = {isa = PBXFileReference; fileEncoding = 4; lastKnownFileType = sourcecode.c.h; path = MGProgressView.h; sourceTree = "<group>"; };
		CC6263201CA470BA00DBB9C2 /* MGProgressView.m */ = {isa = PBXFileReference; fileEncoding = 4; lastKnownFileType = sourcecode.c.objc; path = MGProgressView.m; sourceTree = "<group>"; };
		CC6263221CA473EB00DBB9C2 /* MGShowPictureViewController.h */ = {isa = PBXFileReference; fileEncoding = 4; lastKnownFileType = sourcecode.c.h; path = MGShowPictureViewController.h; sourceTree = "<group>"; };
		CC6263231CA473EB00DBB9C2 /* MGShowPictureViewController.m */ = {isa = PBXFileReference; fileEncoding = 4; lastKnownFileType = sourcecode.c.objc; path = MGShowPictureViewController.m; sourceTree = "<group>"; };
		CC6263241CA473EB00DBB9C2 /* MGShowPictureViewController.xib */ = {isa = PBXFileReference; fileEncoding = 4; lastKnownFileType = file.xib; path = MGShowPictureViewController.xib; sourceTree = "<group>"; };
		CC6263271CA49E7B00DBB9C2 /* MGPublishView.h */ = {isa = PBXFileReference; fileEncoding = 4; lastKnownFileType = sourcecode.c.h; path = MGPublishView.h; sourceTree = "<group>"; };
		CC6263281CA49E7B00DBB9C2 /* MGPublishView.m */ = {isa = PBXFileReference; fileEncoding = 4; lastKnownFileType = sourcecode.c.objc; path = MGPublishView.m; sourceTree = "<group>"; };
		CC6263291CA49E7B00DBB9C2 /* MGPublishView.xib */ = {isa = PBXFileReference; fileEncoding = 4; lastKnownFileType = file.xib; path = MGPublishView.xib; sourceTree = "<group>"; };
		CC64D1DA1C8E87EC00C7A44D /* xm04-百思不得姐.app */ = {isa = PBXFileReference; explicitFileType = wrapper.application; includeInIndex = 0; path = "xm04-百思不得姐.app"; sourceTree = BUILT_PRODUCTS_DIR; };
		CC64D1EE1C8E87EC00C7A44D /* Info.plist */ = {isa = PBXFileReference; lastKnownFileType = text.plist.xml; path = Info.plist; sourceTree = "<group>"; };
		CC64D1F31C8E87EC00C7A44D /* xm04-百思不得姐Tests.xctest */ = {isa = PBXFileReference; explicitFileType = wrapper.cfbundle; includeInIndex = 0; path = "xm04-百思不得姐Tests.xctest"; sourceTree = BUILT_PRODUCTS_DIR; };
		CC64D1F71C8E87EC00C7A44D /* xm04______Tests.m */ = {isa = PBXFileReference; lastKnownFileType = sourcecode.c.objc; path = "xm04______Tests.m"; sourceTree = "<group>"; };
		CC64D1F91C8E87EC00C7A44D /* Info.plist */ = {isa = PBXFileReference; lastKnownFileType = text.plist.xml; path = Info.plist; sourceTree = "<group>"; };
		CC67EB201C99AAA300B34942 /* MGLoginRegisterViewController.h */ = {isa = PBXFileReference; fileEncoding = 4; lastKnownFileType = sourcecode.c.h; path = MGLoginRegisterViewController.h; sourceTree = "<group>"; };
		CC67EB211C99AAA300B34942 /* MGLoginRegisterViewController.m */ = {isa = PBXFileReference; fileEncoding = 4; lastKnownFileType = sourcecode.c.objc; path = MGLoginRegisterViewController.m; sourceTree = "<group>"; };
		CC67EB221C99AAA300B34942 /* MGLoginRegisterViewController.xib */ = {isa = PBXFileReference; fileEncoding = 4; lastKnownFileType = file.xib; path = MGLoginRegisterViewController.xib; sourceTree = "<group>"; };
		CC67EB251C99BBF400B34942 /* MGVerticalButton.h */ = {isa = PBXFileReference; fileEncoding = 4; lastKnownFileType = sourcecode.c.h; path = MGVerticalButton.h; sourceTree = "<group>"; };
		CC67EB261C99BBF400B34942 /* MGVerticalButton.m */ = {isa = PBXFileReference; fileEncoding = 4; lastKnownFileType = sourcecode.c.objc; path = MGVerticalButton.m; sourceTree = "<group>"; };
		CC67EB281C99D82100B34942 /* MGTextField.h */ = {isa = PBXFileReference; fileEncoding = 4; lastKnownFileType = sourcecode.c.h; path = MGTextField.h; sourceTree = "<group>"; };
		CC67EB291C99D82100B34942 /* MGTextField.m */ = {isa = PBXFileReference; fileEncoding = 4; lastKnownFileType = sourcecode.c.objc; path = MGTextField.m; sourceTree = "<group>"; };
		CCAE3E391C8F19F5003FFD35 /* Images.xcassets */ = {isa = PBXFileReference; lastKnownFileType = folder.assetcatalog; path = Images.xcassets; sourceTree = "<group>"; };
		ED6B25C618BA6DBC178A151E /* Pods.debug.xcconfig */ = {isa = PBXFileReference; includeInIndex = 1; lastKnownFileType = text.xcconfig; name = Pods.debug.xcconfig; path = "Pods/Target Support Files/Pods/Pods.debug.xcconfig"; sourceTree = "<group>"; };
/* End PBXFileReference section */

/* Begin PBXFrameworksBuildPhase section */
		CC64D1D71C8E87EC00C7A44D /* Frameworks */ = {
			isa = PBXFrameworksBuildPhase;
			buildActionMask = 2147483647;
			files = (
				4D941A57BD41495B1E6212B4 /* libPods.a in Frameworks */,
			);
			runOnlyForDeploymentPostprocessing = 0;
		};
		CC64D1F01C8E87EC00C7A44D /* Frameworks */ = {
			isa = PBXFrameworksBuildPhase;
			buildActionMask = 2147483647;
			files = (
			);
			runOnlyForDeploymentPostprocessing = 0;
		};
/* End PBXFrameworksBuildPhase section */

/* Begin PBXGroup section */
		3BF9EADED1FEC184894AB6FA /* Frameworks */ = {
			isa = PBXGroup;
			children = (
				C1AF7505D443F75EA407C004 /* libPods.a */,
			);
			name = Frameworks;
			sourceTree = "<group>";
		};
		867046EC82EA832B966E132A /* Pods */ = {
			isa = PBXGroup;
			children = (
				ED6B25C618BA6DBC178A151E /* Pods.debug.xcconfig */,
				216FF1072D41BBEEE3FD2D14 /* Pods.release.xcconfig */,
			);
			name = Pods;
			sourceTree = "<group>";
		};
		CC2832C01C8FEC3600492B13 /* Classes */ = {
			isa = PBXGroup;
			children = (
				CC2832C11C8FEC3600492B13 /* Essence-精华 */,
				CC2832D31C8FEC3600492B13 /* New-新帖 */,
				CC2832C71C8FEC3600492B13 /* FriendTrends-关注 */,
				CC2832CD1C8FEC3600492B13 /* Me-我 */,
				CC2832D91C8FEC3600492B13 /* Other-其他 */,
			);
			path = Classes;
			sourceTree = "<group>";
		};
		CC2832C11C8FEC3600492B13 /* Essence-精华 */ = {
			isa = PBXGroup;
			children = (
				CC2832C21C8FEC3600492B13 /* Controller */,
				CC2832C51C8FEC3600492B13 /* Modal */,
				CC2832C61C8FEC3600492B13 /* View */,
			);
			path = "Essence-精华";
			sourceTree = "<group>";
		};
		CC2832C21C8FEC3600492B13 /* Controller */ = {
			isa = PBXGroup;
			children = (
				CC2832C31C8FEC3600492B13 /* MGEssenceViewController.h */,
				CC2832C41C8FEC3600492B13 /* MGEssenceViewController.m */,
				CC3D02A31C920BBB0038EAFD /* MGRecommendTagsViewController.h */,
				CC3D02A41C920BBB0038EAFD /* MGRecommendTagsViewController.m */,
				CC579BAE1C9EE70700CE20ED /* MGTopicViewController.h */,
				CC579BAF1C9EE70700CE20ED /* MGTopicViewController.m */,
				CC6263221CA473EB00DBB9C2 /* MGShowPictureViewController.h */,
				CC6263231CA473EB00DBB9C2 /* MGShowPictureViewController.m */,
				CC6263241CA473EB00DBB9C2 /* MGShowPictureViewController.xib */,
			);
			path = Controller;
			sourceTree = "<group>";
		};
		CC2832C51C8FEC3600492B13 /* Modal */ = {
			isa = PBXGroup;
			children = (
				CC3D02A61C920E920038EAFD /* MGRecommendTag.h */,
				CC3D02A71C920E920038EAFD /* MGRecommendTag.m */,
				CC4122961C9C85160029B8F2 /* MGTopic.h */,
				CC4122971C9C85160029B8F2 /* MGTopic.m */,
			);
			path = Modal;
			sourceTree = "<group>";
		};
		CC2832C61C8FEC3600492B13 /* View */ = {
			isa = PBXGroup;
			children = (
				CC3D02A91C9211940038EAFD /* MGRecommendTagCell.h */,
				CC3D02AA1C9211940038EAFD /* MGRecommendTagCell.m */,
				CC3D02AB1C9211940038EAFD /* MGRecommendTagCell.xib */,
				CC3FB60E1C9B106B00DB131B /* UIImage+MGExtension.h */,
				CC3FB60F1C9B106B00DB131B /* UIImage+MGExtension.m */,
				CC12A5F31C9DBACD0041C3FA /* MGTopicCell.h */,
				CC12A5F41C9DBACD0041C3FA /* MGTopicCell.m */,
				CC12A5F51C9DBACD0041C3FA /* MGTopicCell.xib */,
				CC62631A1CA4279F00DBB9C2 /* MGTopicPictureView.h */,
				CC62631B1CA4279F00DBB9C2 /* MGTopicPictureView.m */,
				CC62631D1CA427B200DBB9C2 /* MGTopicPictureView.xib */,
				CC62631F1CA470BA00DBB9C2 /* MGProgressView.h */,
				CC6263201CA470BA00DBB9C2 /* MGProgressView.m */,
				CC4C640B1CA87A8E006A0717 /* MGTopicVoiceView.h */,
				CC4C640C1CA87A8E006A0717 /* MGTopicVoiceView.m */,
				CC4C640E1CA87AA1006A0717 /* MGTopicVoiceView.xib */,
				CC4C64101CA88C44006A0717 /* MGTopicVideoView.h */,
				CC4C64111CA88C44006A0717 /* MGTopicVideoView.m */,
				CC4C64131CA88C54006A0717 /* MGTopicVideoView.xib */,
			);
			path = View;
			sourceTree = "<group>";
		};
		CC2832C71C8FEC3600492B13 /* FriendTrends-关注 */ = {
			isa = PBXGroup;
			children = (
				CC2832C81C8FEC3600492B13 /* Controller */,
				CC2832CB1C8FEC3600492B13 /* Modal */,
				CC2832CC1C8FEC3600492B13 /* View */,
			);
			path = "FriendTrends-关注";
			sourceTree = "<group>";
		};
		CC2832C81C8FEC3600492B13 /* Controller */ = {
			isa = PBXGroup;
			children = (
				CC2832C91C8FEC3600492B13 /* MGFriendTrendsViewController.h */,
				CC2832CA1C8FEC3600492B13 /* MGFriendTrendsViewController.m */,
				CC2832F91C901EA800492B13 /* MGFriendTrendsViewController.xib */,
				CC2832FB1C906A5400492B13 /* MGRecommendViewController.h */,
				CC2832FC1C906A5400492B13 /* MGRecommendViewController.m */,
				CC2832FD1C906A5400492B13 /* MGRecommendViewController.xib */,
				CC67EB201C99AAA300B34942 /* MGLoginRegisterViewController.h */,
				CC67EB211C99AAA300B34942 /* MGLoginRegisterViewController.m */,
				CC67EB221C99AAA300B34942 /* MGLoginRegisterViewController.xib */,
			);
			path = Controller;
			sourceTree = "<group>";
		};
		CC2832CB1C8FEC3600492B13 /* Modal */ = {
			isa = PBXGroup;
			children = (
				CC2833021C90757E00492B13 /* MGRecommendCategory.h */,
				CC2833031C90757E00492B13 /* MGRecommendCategory.m */,
				CC3D02A01C9172AF0038EAFD /* MGRecommendUser.h */,
				CC3D02A11C9172AF0038EAFD /* MGRecommendUser.m */,
			);
			path = Modal;
			sourceTree = "<group>";
		};
		CC2832CC1C8FEC3600492B13 /* View */ = {
			isa = PBXGroup;
			children = (
				CC51B3E91C9079D600C7B52B /* MGRecommendCategoryCell.h */,
				CC51B3EA1C9079D600C7B52B /* MGRecommendCategoryCell.m */,
				CC51B3EB1C9079D600C7B52B /* MGRecommendCategoryCell.xib */,
				CC3D029B1C916EBF0038EAFD /* MGRecommendUserCell.h */,
				CC3D029C1C916EBF0038EAFD /* MGRecommendUserCell.m */,
				CC3D029D1C916EBF0038EAFD /* MGRecommendUserCell.xib */,
				CC67EB251C99BBF400B34942 /* MGVerticalButton.h */,
				CC67EB261C99BBF400B34942 /* MGVerticalButton.m */,
				CC67EB281C99D82100B34942 /* MGTextField.h */,
				CC67EB291C99D82100B34942 /* MGTextField.m */,
			);
			path = View;
			sourceTree = "<group>";
		};
		CC2832CD1C8FEC3600492B13 /* Me-我 */ = {
			isa = PBXGroup;
			children = (
				CC2832CE1C8FEC3600492B13 /* Controller */,
				CC2832D11C8FEC3600492B13 /* Modal */,
				CC2832D21C8FEC3600492B13 /* View */,
			);
			path = "Me-我";
			sourceTree = "<group>";
		};
		CC2832CE1C8FEC3600492B13 /* Controller */ = {
			isa = PBXGroup;
			children = (
				CC2832CF1C8FEC3600492B13 /* MGMeViewController.h */,
				CC2832D01C8FEC3600492B13 /* MGMeViewController.m */,
			);
			path = Controller;
			sourceTree = "<group>";
		};
		CC2832D11C8FEC3600492B13 /* Modal */ = {
			isa = PBXGroup;
			children = (
			);
			path = Modal;
			sourceTree = "<group>";
		};
		CC2832D21C8FEC3600492B13 /* View */ = {
			isa = PBXGroup;
			children = (
			);
			path = View;
			sourceTree = "<group>";
		};
		CC2832D31C8FEC3600492B13 /* New-新帖 */ = {
			isa = PBXGroup;
			children = (
				CC2832D41C8FEC3600492B13 /* Controller */,
				CC2832D71C8FEC3600492B13 /* Modal */,
				CC2832D81C8FEC3600492B13 /* View */,
			);
			path = "New-新帖";
			sourceTree = "<group>";
		};
		CC2832D41C8FEC3600492B13 /* Controller */ = {
			isa = PBXGroup;
			children = (
				CC2832D51C8FEC3600492B13 /* MGNewViewController.h */,
				CC2832D61C8FEC3600492B13 /* MGNewViewController.m */,
			);
			path = Controller;
			sourceTree = "<group>";
		};
		CC2832D71C8FEC3600492B13 /* Modal */ = {
			isa = PBXGroup;
			children = (
			);
			path = Modal;
			sourceTree = "<group>";
		};
		CC2832D81C8FEC3600492B13 /* View */ = {
			isa = PBXGroup;
			children = (
			);
			path = View;
			sourceTree = "<group>";
		};
		CC2832D91C8FEC3600492B13 /* Other-其他 */ = {
			isa = PBXGroup;
			children = (
				CC2832DC1C8FEC3600492B13 /* Category */,
				CC2832E11C8FEC3600492B13 /* Controller */,
				CC2832E61C8FEC3600492B13 /* View */,
				CC2832DA1C8FEC3600492B13 /* AppDelegate.h */,
				CC2832DB1C8FEC3600492B13 /* AppDelegate.m */,
				CC2832E41C8FEC3600492B13 /* main.m */,
				CC2832E51C8FEC3600492B13 /* PrefixHeader.pch */,
				CC2833001C906F0E00492B13 /* Foundation+Log.m */,
				CC4122991C9CA5710029B8F2 /* MGConst.h */,
				CC41229A1C9CA5710029B8F2 /* MGConst.m */,
			);
			path = "Other-其他";
			sourceTree = "<group>";
		};
		CC2832DC1C8FEC3600492B13 /* Category */ = {
			isa = PBXGroup;
			children = (
				CC2832DD1C8FEC3600492B13 /* UIBarButtonItem+MGExtension.h */,
				CC2832DE1C8FEC3600492B13 /* UIBarButtonItem+MGExtension.m */,
				CC2832DF1C8FEC3600492B13 /* UIView+MGExtension.h */,
				CC2832E01C8FEC3600492B13 /* UIView+MGExtension.m */,
				CC579BAB1C9EA49C00CE20ED /* NSDate+MGExtension.h */,
				CC579BAC1C9EA49C00CE20ED /* NSDate+MGExtension.m */,
			);
			path = Category;
			sourceTree = "<group>";
		};
		CC2832E11C8FEC3600492B13 /* Controller */ = {
			isa = PBXGroup;
			children = (
				CC2832E21C8FEC3600492B13 /* MGTabBarController.h */,
				CC2832E31C8FEC3600492B13 /* MGTabBarController.m */,
				CC2832F31C8FFAA800492B13 /* MGNavigationController.h */,
				CC2832F41C8FFAA800492B13 /* MGNavigationController.m */,
				CC6263271CA49E7B00DBB9C2 /* MGPublishView.h */,
				CC6263281CA49E7B00DBB9C2 /* MGPublishView.m */,
				CC6263291CA49E7B00DBB9C2 /* MGPublishView.xib */,
			);
			path = Controller;
			sourceTree = "<group>";
		};
		CC2832E61C8FEC3600492B13 /* View */ = {
			isa = PBXGroup;
			children = (
				CC2832E71C8FEC3600492B13 /* MGTabBar.h */,
				CC2832E81C8FEC3600492B13 /* MGTabBar.m */,
				CC3FB6111C9B1EC700DB131B /* MGPushGuideView.h */,
				CC3FB6121C9B1EC700DB131B /* MGPushGuideView.m */,
				CC3FB6141C9B1F2F00DB131B /* MGPushGuideView.xib */,
			);
			path = View;
			sourceTree = "<group>";
		};
		CC64D1D11C8E87EB00C7A44D = {
			isa = PBXGroup;
			children = (
				CC64D1DC1C8E87EC00C7A44D /* xm04-百思不得姐 */,
				CC64D1F61C8E87EC00C7A44D /* xm04-百思不得姐Tests */,
				CC64D1DB1C8E87EC00C7A44D /* Products */,
				867046EC82EA832B966E132A /* Pods */,
				3BF9EADED1FEC184894AB6FA /* Frameworks */,
			);
			sourceTree = "<group>";
		};
		CC64D1DB1C8E87EC00C7A44D /* Products */ = {
			isa = PBXGroup;
			children = (
				CC64D1DA1C8E87EC00C7A44D /* xm04-百思不得姐.app */,
				CC64D1F31C8E87EC00C7A44D /* xm04-百思不得姐Tests.xctest */,
			);
			name = Products;
			sourceTree = "<group>";
		};
		CC64D1DC1C8E87EC00C7A44D /* xm04-百思不得姐 */ = {
			isa = PBXGroup;
			children = (
				CC2832C01C8FEC3600492B13 /* Classes */,
				CC64D1DD1C8E87EC00C7A44D /* Supporting Files */,
			);
			path = "xm04-百思不得姐";
			sourceTree = "<group>";
		};
		CC64D1DD1C8E87EC00C7A44D /* Supporting Files */ = {
			isa = PBXGroup;
			children = (
				CCAE3E391C8F19F5003FFD35 /* Images.xcassets */,
				CC64D1EE1C8E87EC00C7A44D /* Info.plist */,
				CC579BB11CA0427100CE20ED /* Storyboard.storyboard */,
			);
			name = "Supporting Files";
			sourceTree = "<group>";
		};
		CC64D1F61C8E87EC00C7A44D /* xm04-百思不得姐Tests */ = {
			isa = PBXGroup;
			children = (
				CC64D1F71C8E87EC00C7A44D /* xm04______Tests.m */,
				CC64D1F91C8E87EC00C7A44D /* Info.plist */,
			);
			path = "xm04-百思不得姐Tests";
			sourceTree = "<group>";
		};
/* End PBXGroup section */

/* Begin PBXNativeTarget section */
		CC64D1D91C8E87EC00C7A44D /* xm04-百思不得姐 */ = {
			isa = PBXNativeTarget;
			buildConfigurationList = CC64D1FC1C8E87EC00C7A44D /* Build configuration list for PBXNativeTarget "xm04-百思不得姐" */;
			buildPhases = (
				2B281BC62517EF458A407F18 /* Check Pods Manifest.lock */,
				CC64D1D61C8E87EC00C7A44D /* Sources */,
				CC64D1D71C8E87EC00C7A44D /* Frameworks */,
				CC64D1D81C8E87EC00C7A44D /* Resources */,
				9610A3A8ACCF5FA0160B31D3 /* Embed Pods Frameworks */,
				720E7EC7CF86125AB3B1CF39 /* Copy Pods Resources */,
			);
			buildRules = (
			);
			dependencies = (
			);
			name = "xm04-百思不得姐";
			productName = "xm04-百思不得姐";
			productReference = CC64D1DA1C8E87EC00C7A44D /* xm04-百思不得姐.app */;
			productType = "com.apple.product-type.application";
		};
		CC64D1F21C8E87EC00C7A44D /* xm04-百思不得姐Tests */ = {
			isa = PBXNativeTarget;
			buildConfigurationList = CC64D1FF1C8E87EC00C7A44D /* Build configuration list for PBXNativeTarget "xm04-百思不得姐Tests" */;
			buildPhases = (
				CC64D1EF1C8E87EC00C7A44D /* Sources */,
				CC64D1F01C8E87EC00C7A44D /* Frameworks */,
				CC64D1F11C8E87EC00C7A44D /* Resources */,
			);
			buildRules = (
			);
			dependencies = (
				CC64D1F51C8E87EC00C7A44D /* PBXTargetDependency */,
			);
			name = "xm04-百思不得姐Tests";
			productName = "xm04-百思不得姐Tests";
			productReference = CC64D1F31C8E87EC00C7A44D /* xm04-百思不得姐Tests.xctest */;
			productType = "com.apple.product-type.bundle.unit-test";
		};
/* End PBXNativeTarget section */

/* Begin PBXProject section */
		CC64D1D21C8E87EB00C7A44D /* Project object */ = {
			isa = PBXProject;
			attributes = {
				CLASSPREFIX = MG;
				LastUpgradeCheck = 0720;
				ORGANIZATIONNAME = "穆良";
				TargetAttributes = {
					CC64D1D91C8E87EC00C7A44D = {
						CreatedOnToolsVersion = 7.2;
					};
					CC64D1F21C8E87EC00C7A44D = {
						CreatedOnToolsVersion = 7.2;
						TestTargetID = CC64D1D91C8E87EC00C7A44D;
					};
				};
			};
			buildConfigurationList = CC64D1D51C8E87EB00C7A44D /* Build configuration list for PBXProject "xm04-百思不得姐" */;
			compatibilityVersion = "Xcode 3.2";
			developmentRegion = English;
			hasScannedForEncodings = 0;
			knownRegions = (
				en,
				Base,
			);
			mainGroup = CC64D1D11C8E87EB00C7A44D;
			productRefGroup = CC64D1DB1C8E87EC00C7A44D /* Products */;
			projectDirPath = "";
			projectRoot = "";
			targets = (
				CC64D1D91C8E87EC00C7A44D /* xm04-百思不得姐 */,
				CC64D1F21C8E87EC00C7A44D /* xm04-百思不得姐Tests */,
			);
		};
/* End PBXProject section */

/* Begin PBXResourcesBuildPhase section */
		CC64D1D81C8E87EC00C7A44D /* Resources */ = {
			isa = PBXResourcesBuildPhase;
			buildActionMask = 2147483647;
			files = (
				CC12A5F71C9DBACD0041C3FA /* MGTopicCell.xib in Resources */,
				CC51B3ED1C9079D600C7B52B /* MGRecommendCategoryCell.xib in Resources */,
				CC62631E1CA427B200DBB9C2 /* MGTopicPictureView.xib in Resources */,
				CC3FB6151C9B1F2F00DB131B /* MGPushGuideView.xib in Resources */,
				CC3D02AD1C9211940038EAFD /* MGRecommendTagCell.xib in Resources */,
				CC4C640F1CA87AA1006A0717 /* MGTopicVoiceView.xib in Resources */,
				CC2832FF1C906A5400492B13 /* MGRecommendViewController.xib in Resources */,
				CC67EB241C99AAA300B34942 /* MGLoginRegisterViewController.xib in Resources */,
				CC2832FA1C901EA800492B13 /* MGFriendTrendsViewController.xib in Resources */,
				CC6263261CA473EB00DBB9C2 /* MGShowPictureViewController.xib in Resources */,
				CC4C64141CA88C54006A0717 /* MGTopicVideoView.xib in Resources */,
				CC62632B1CA49E7B00DBB9C2 /* MGPublishView.xib in Resources */,
				CCAE3E3A1C8F19F5003FFD35 /* Images.xcassets in Resources */,
				CC3D029F1C916EBF0038EAFD /* MGRecommendUserCell.xib in Resources */,
				CC579BB21CA0427100CE20ED /* Storyboard.storyboard in Resources */,
			);
			runOnlyForDeploymentPostprocessing = 0;
		};
		CC64D1F11C8E87EC00C7A44D /* Resources */ = {
			isa = PBXResourcesBuildPhase;
			buildActionMask = 2147483647;
			files = (
			);
			runOnlyForDeploymentPostprocessing = 0;
		};
/* End PBXResourcesBuildPhase section */

/* Begin PBXShellScriptBuildPhase section */
		2B281BC62517EF458A407F18 /* Check Pods Manifest.lock */ = {
			isa = PBXShellScriptBuildPhase;
			buildActionMask = 2147483647;
			files = (
			);
			inputPaths = (
			);
			name = "Check Pods Manifest.lock";
			outputPaths = (
			);
			runOnlyForDeploymentPostprocessing = 0;
			shellPath = /bin/sh;
			shellScript = "diff \"${PODS_ROOT}/../Podfile.lock\" \"${PODS_ROOT}/Manifest.lock\" > /dev/null\nif [[ $? != 0 ]] ; then\n    cat << EOM\nerror: The sandbox is not in sync with the Podfile.lock. Run 'pod install' or update your CocoaPods installation.\nEOM\n    exit 1\nfi\n";
			showEnvVarsInLog = 0;
		};
		720E7EC7CF86125AB3B1CF39 /* Copy Pods Resources */ = {
			isa = PBXShellScriptBuildPhase;
			buildActionMask = 2147483647;
			files = (
			);
			inputPaths = (
			);
			name = "Copy Pods Resources";
			outputPaths = (
			);
			runOnlyForDeploymentPostprocessing = 0;
			shellPath = /bin/sh;
			shellScript = "\"${SRCROOT}/Pods/Target Support Files/Pods/Pods-resources.sh\"\n";
			showEnvVarsInLog = 0;
		};
		9610A3A8ACCF5FA0160B31D3 /* Embed Pods Frameworks */ = {
			isa = PBXShellScriptBuildPhase;
			buildActionMask = 2147483647;
			files = (
			);
			inputPaths = (
			);
			name = "Embed Pods Frameworks";
			outputPaths = (
			);
			runOnlyForDeploymentPostprocessing = 0;
			shellPath = /bin/sh;
			shellScript = "\"${SRCROOT}/Pods/Target Support Files/Pods/Pods-frameworks.sh\"\n";
			showEnvVarsInLog = 0;
		};
/* End PBXShellScriptBuildPhase section */

/* Begin PBXSourcesBuildPhase section */
		CC64D1D61C8E87EC00C7A44D /* Sources */ = {
			isa = PBXSourcesBuildPhase;
			buildActionMask = 2147483647;
			files = (
				CC4C640D1CA87A8E006A0717 /* MGTopicVoiceView.m in Sources */,
				CC51B3EC1C9079D600C7B52B /* MGRecommendCategoryCell.m in Sources */,
				CC3D02AC1C9211940038EAFD /* MGRecommendTagCell.m in Sources */,
				CC2832EE1C8FEC3600492B13 /* UIBarButtonItem+MGExtension.m in Sources */,
				CC3D02A21C9172AF0038EAFD /* MGRecommendUser.m in Sources */,
				CC2833011C906F0E00492B13 /* Foundation+Log.m in Sources */,
				CC3FB6101C9B106B00DB131B /* UIImage+MGExtension.m in Sources */,
				CC3FB6131C9B1EC700DB131B /* MGPushGuideView.m in Sources */,
				CC2832F51C8FFAA800492B13 /* MGNavigationController.m in Sources */,
				CC3D02A81C920E920038EAFD /* MGRecommendTag.m in Sources */,
				CC2832F21C8FEC3600492B13 /* MGTabBar.m in Sources */,
				CC12A5F61C9DBACD0041C3FA /* MGTopicCell.m in Sources */,
				CC2832EA1C8FEC3600492B13 /* MGFriendTrendsViewController.m in Sources */,
				CC2832EC1C8FEC3600492B13 /* MGNewViewController.m in Sources */,
				CC3D02A51C920BBB0038EAFD /* MGRecommendTagsViewController.m in Sources */,
				CC2832F01C8FEC3600492B13 /* MGTabBarController.m in Sources */,
				CC6263211CA470BA00DBB9C2 /* MGProgressView.m in Sources */,
				CC2832EF1C8FEC3600492B13 /* UIView+MGExtension.m in Sources */,
				CC67EB231C99AAA300B34942 /* MGLoginRegisterViewController.m in Sources */,
				CC6263251CA473EB00DBB9C2 /* MGShowPictureViewController.m in Sources */,
				CC579BB01C9EE70700CE20ED /* MGTopicViewController.m in Sources */,
				CC579BAD1C9EA49C00CE20ED /* NSDate+MGExtension.m in Sources */,
				CC2832E91C8FEC3600492B13 /* MGEssenceViewController.m in Sources */,
				CC4122981C9C85160029B8F2 /* MGTopic.m in Sources */,
				CC67EB2A1C99D82100B34942 /* MGTextField.m in Sources */,
				CC67EB271C99BBF400B34942 /* MGVerticalButton.m in Sources */,
				CC2832FE1C906A5400492B13 /* MGRecommendViewController.m in Sources */,
				CC62631C1CA4279F00DBB9C2 /* MGTopicPictureView.m in Sources */,
				CC2832EB1C8FEC3600492B13 /* MGMeViewController.m in Sources */,
				CC2832F11C8FEC3600492B13 /* main.m in Sources */,
				CC3D029E1C916EBF0038EAFD /* MGRecommendUserCell.m in Sources */,
				CC2833041C90757E00492B13 /* MGRecommendCategory.m in Sources */,
				CC2832ED1C8FEC3600492B13 /* AppDelegate.m in Sources */,
				CC62632A1CA49E7B00DBB9C2 /* MGPublishView.m in Sources */,
				CC4C64121CA88C44006A0717 /* MGTopicVideoView.m in Sources */,
				CC41229B1C9CA5710029B8F2 /* MGConst.m in Sources */,
			);
			runOnlyForDeploymentPostprocessing = 0;
		};
		CC64D1EF1C8E87EC00C7A44D /* Sources */ = {
			isa = PBXSourcesBuildPhase;
			buildActionMask = 2147483647;
			files = (
				CC64D1F81C8E87EC00C7A44D /* xm04______Tests.m in Sources */,
			);
			runOnlyForDeploymentPostprocessing = 0;
		};
/* End PBXSourcesBuildPhase section */

/* Begin PBXTargetDependency section */
		CC64D1F51C8E87EC00C7A44D /* PBXTargetDependency */ = {
			isa = PBXTargetDependency;
			target = CC64D1D91C8E87EC00C7A44D /* xm04-百思不得姐 */;
			targetProxy = CC64D1F41C8E87EC00C7A44D /* PBXContainerItemProxy */;
		};
/* End PBXTargetDependency section */

/* Begin XCBuildConfiguration section */
		CC64D1FA1C8E87EC00C7A44D /* Debug */ = {
			isa = XCBuildConfiguration;
			buildSettings = {
				ALWAYS_SEARCH_USER_PATHS = NO;
				CLANG_CXX_LANGUAGE_STANDARD = "gnu++0x";
				CLANG_CXX_LIBRARY = "libc++";
				CLANG_ENABLE_MODULES = YES;
				CLANG_ENABLE_OBJC_ARC = YES;
				CLANG_WARN_BOOL_CONVERSION = YES;
				CLANG_WARN_CONSTANT_CONVERSION = YES;
				CLANG_WARN_DIRECT_OBJC_ISA_USAGE = YES_ERROR;
				CLANG_WARN_EMPTY_BODY = YES;
				CLANG_WARN_ENUM_CONVERSION = YES;
				CLANG_WARN_INT_CONVERSION = YES;
				CLANG_WARN_OBJC_ROOT_CLASS = YES_ERROR;
				CLANG_WARN_UNREACHABLE_CODE = YES;
				CLANG_WARN__DUPLICATE_METHOD_MATCH = YES;
				"CODE_SIGN_IDENTITY[sdk=iphoneos*]" = "iPhone Developer";
				COPY_PHASE_STRIP = NO;
				DEBUG_INFORMATION_FORMAT = dwarf;
				ENABLE_STRICT_OBJC_MSGSEND = YES;
				ENABLE_TESTABILITY = YES;
				GCC_C_LANGUAGE_STANDARD = gnu99;
				GCC_DYNAMIC_NO_PIC = NO;
				GCC_NO_COMMON_BLOCKS = YES;
				GCC_OPTIMIZATION_LEVEL = 0;
				GCC_PREPROCESSOR_DEFINITIONS = (
					"DEBUG=1",
					"$(inherited)",
				);
				GCC_WARN_64_TO_32_BIT_CONVERSION = YES;
				GCC_WARN_ABOUT_RETURN_TYPE = YES_ERROR;
				GCC_WARN_UNDECLARED_SELECTOR = YES;
				GCC_WARN_UNINITIALIZED_AUTOS = YES_AGGRESSIVE;
				GCC_WARN_UNUSED_FUNCTION = YES;
				GCC_WARN_UNUSED_VARIABLE = YES;
				IPHONEOS_DEPLOYMENT_TARGET = 9.2;
				MTL_ENABLE_DEBUG_INFO = YES;
				ONLY_ACTIVE_ARCH = YES;
				SDKROOT = iphoneos;
			};
			name = Debug;
		};
		CC64D1FB1C8E87EC00C7A44D /* Release */ = {
			isa = XCBuildConfiguration;
			buildSettings = {
				ALWAYS_SEARCH_USER_PATHS = NO;
				CLANG_CXX_LANGUAGE_STANDARD = "gnu++0x";
				CLANG_CXX_LIBRARY = "libc++";
				CLANG_ENABLE_MODULES = YES;
				CLANG_ENABLE_OBJC_ARC = YES;
				CLANG_WARN_BOOL_CONVERSION = YES;
				CLANG_WARN_CONSTANT_CONVERSION = YES;
				CLANG_WARN_DIRECT_OBJC_ISA_USAGE = YES_ERROR;
				CLANG_WARN_EMPTY_BODY = YES;
				CLANG_WARN_ENUM_CONVERSION = YES;
				CLANG_WARN_INT_CONVERSION = YES;
				CLANG_WARN_OBJC_ROOT_CLASS = YES_ERROR;
				CLANG_WARN_UNREACHABLE_CODE = YES;
				CLANG_WARN__DUPLICATE_METHOD_MATCH = YES;
				"CODE_SIGN_IDENTITY[sdk=iphoneos*]" = "iPhone Developer";
				COPY_PHASE_STRIP = NO;
				DEBUG_INFORMATION_FORMAT = "dwarf-with-dsym";
				ENABLE_NS_ASSERTIONS = NO;
				ENABLE_STRICT_OBJC_MSGSEND = YES;
				GCC_C_LANGUAGE_STANDARD = gnu99;
				GCC_NO_COMMON_BLOCKS = YES;
				GCC_WARN_64_TO_32_BIT_CONVERSION = YES;
				GCC_WARN_ABOUT_RETURN_TYPE = YES_ERROR;
				GCC_WARN_UNDECLARED_SELECTOR = YES;
				GCC_WARN_UNINITIALIZED_AUTOS = YES_AGGRESSIVE;
				GCC_WARN_UNUSED_FUNCTION = YES;
				GCC_WARN_UNUSED_VARIABLE = YES;
				IPHONEOS_DEPLOYMENT_TARGET = 9.2;
				MTL_ENABLE_DEBUG_INFO = NO;
				SDKROOT = iphoneos;
				VALIDATE_PRODUCT = YES;
			};
			name = Release;
		};
		CC64D1FD1C8E87EC00C7A44D /* Debug */ = {
			isa = XCBuildConfiguration;
			baseConfigurationReference = ED6B25C618BA6DBC178A151E /* Pods.debug.xcconfig */;
			buildSettings = {
				ASSETCATALOG_COMPILER_APPICON_NAME = AppIcon;
				ASSETCATALOG_COMPILER_LAUNCHIMAGE_NAME = LaunchImage;
				GCC_PREFIX_HEADER = "xm04-百思不得姐/Classes/Other-其他/PrefixHeader.pch";
				INFOPLIST_FILE = "xm04-百思不得姐/Info.plist";
				IPHONEOS_DEPLOYMENT_TARGET = 9.2;
				LD_RUNPATH_SEARCH_PATHS = "$(inherited) @executable_path/Frameworks";
				PRODUCT_BUNDLE_IDENTIFIER = "com.mg.xm04------";
				PRODUCT_NAME = "$(TARGET_NAME)";
			};
			name = Debug;
		};
		CC64D1FE1C8E87EC00C7A44D /* Release */ = {
			isa = XCBuildConfiguration;
			baseConfigurationReference = 216FF1072D41BBEEE3FD2D14 /* Pods.release.xcconfig */;
			buildSettings = {
				ASSETCATALOG_COMPILER_APPICON_NAME = AppIcon;
				ASSETCATALOG_COMPILER_LAUNCHIMAGE_NAME = LaunchImage;
				GCC_PREFIX_HEADER = "xm04-百思不得姐/Classes/Other-其他/PrefixHeader.pch";
				INFOPLIST_FILE = "xm04-百思不得姐/Info.plist";
				IPHONEOS_DEPLOYMENT_TARGET = 9.2;
				LD_RUNPATH_SEARCH_PATHS = "$(inherited) @executable_path/Frameworks";
				PRODUCT_BUNDLE_IDENTIFIER = "com.mg.xm04------";
				PRODUCT_NAME = "$(TARGET_NAME)";
			};
			name = Release;
		};
		CC64D2001C8E87EC00C7A44D /* Debug */ = {
			isa = XCBuildConfiguration;
			buildSettings = {
				BUNDLE_LOADER = "$(TEST_HOST)";
				INFOPLIST_FILE = "xm04-百思不得姐Tests/Info.plist";
				LD_RUNPATH_SEARCH_PATHS = "$(inherited) @executable_path/Frameworks @loader_path/Frameworks";
				PRODUCT_BUNDLE_IDENTIFIER = "com.mg.xm04------Tests";
				PRODUCT_NAME = "$(TARGET_NAME)";
				TEST_HOST = "$(BUILT_PRODUCTS_DIR)/xm04-百思不得姐.app/xm04-百思不得姐";
			};
			name = Debug;
		};
		CC64D2011C8E87EC00C7A44D /* Release */ = {
			isa = XCBuildConfiguration;
			buildSettings = {
				BUNDLE_LOADER = "$(TEST_HOST)";
				INFOPLIST_FILE = "xm04-百思不得姐Tests/Info.plist";
				LD_RUNPATH_SEARCH_PATHS = "$(inherited) @executable_path/Frameworks @loader_path/Frameworks";
				PRODUCT_BUNDLE_IDENTIFIER = "com.mg.xm04------Tests";
				PRODUCT_NAME = "$(TARGET_NAME)";
				TEST_HOST = "$(BUILT_PRODUCTS_DIR)/xm04-百思不得姐.app/xm04-百思不得姐";
			};
			name = Release;
		};
/* End XCBuildConfiguration section */

/* Begin XCConfigurationList section */
		CC64D1D51C8E87EB00C7A44D /* Build configuration list for PBXProject "xm04-百思不得姐" */ = {
			isa = XCConfigurationList;
			buildConfigurations = (
				CC64D1FA1C8E87EC00C7A44D /* Debug */,
				CC64D1FB1C8E87EC00C7A44D /* Release */,
			);
			defaultConfigurationIsVisible = 0;
			defaultConfigurationName = Release;
		};
		CC64D1FC1C8E87EC00C7A44D /* Build configuration list for PBXNativeTarget "xm04-百思不得姐" */ = {
			isa = XCConfigurationList;
			buildConfigurations = (
				CC64D1FD1C8E87EC00C7A44D /* Debug */,
				CC64D1FE1C8E87EC00C7A44D /* Release */,
			);
			defaultConfigurationIsVisible = 0;
			defaultConfigurationName = Release;
		};
		CC64D1FF1C8E87EC00C7A44D /* Build configuration list for PBXNativeTarget "xm04-百思不得姐Tests" */ = {
			isa = XCConfigurationList;
			buildConfigurations = (
				CC64D2001C8E87EC00C7A44D /* Debug */,
				CC64D2011C8E87EC00C7A44D /* Release */,
			);
			defaultConfigurationIsVisible = 0;
			defaultConfigurationName = Release;
		};
/* End XCConfigurationList section */
	};
	rootObject = CC64D1D21C8E87EB00C7A44D /* Project object */;
}
